{
  "name": "void-map",
  "version": "0.0.3",
  "lockfileVersion": 2,
  "requires": true,
  "packages": {
    "": {
      "name": "void-map",
      "version": "0.0.1",
      "license": "MIT",
      "dependencies": {
        "void-list": "^1.1.4"
      }
    },
    "node_modules/void-list": {
      "version": "1.1.4",
      "resolved": "https://registry.npmjs.org/void-list/-/void-list-1.1.4.tgz",
      "integrity": "sha512-cgbEAnUQx2GiENfzjbmfNKzKho/6qwdsJ7muruskAP8H6flFDddYiKIiB9pMEuPVwh6THeLT+m7A7ay9pV7FdA=="
    }
  },
  "dependencies": {
    "void-list": {
      "version": "1.1.4",
      "resolved": "https://registry.npmjs.org/void-list/-/void-list-1.1.4.tgz",
      "integrity": "sha512-cgbEAnUQx2GiENfzjbmfNKzKho/6qwdsJ7muruskAP8H6flFDddYiKIiB9pMEuPVwh6THeLT+m7A7ay9pV7FdA=="
    }
  }
}
